
Microsoft Visual Studio Solution File, Format Version 12.00
# Visual Studio Version 17
VisualStudioVersion = 17.3.32922.545
MinimumVisualStudioVersion = 10.0.40219.1
Project("{9A19103F-16F7-4668-BE54-9A1E7A4F7556}") = "LanguageClassesWebApp", "WebApplication\LanguageClassesWebApp.csproj", "{0D28CE59-AD94-4B19-8BA9-8AA3326CFED1}"
EndProject
Project("{9A19103F-16F7-4668-BE54-9A1E7A4F7556}") = "LanguageClassesLib", "..\LanguageClassesLib\LanguageClassesLib.csproj", "{3FB7DAF4-5DDC-437B-81F3-D63360412ABF}"
EndProject
Global
	GlobalSection(SolutionConfigurationPlatforms) = preSolution
		Debug|Any CPU = Debug|Any CPU
		Release|Any CPU = Release|Any CPU
	EndGlobalSection
	GlobalSection(ProjectConfigurationPlatforms) = postSolution
		{0D28CE59-AD94-4B19-8BA9-8AA3326CFED1}.Debug|Any CPU.ActiveCfg = Debug|Any CPU
		{0D28CE59-AD94-4B19-8BA9-8AA3326CFED1}.Debug|Any CPU.Build.0 = Debug|Any CPU
		{0D28CE59-AD94-4B19-8BA9-8AA3326CFED1}.Release|Any CPU.ActiveCfg = Release|Any CPU
		{0D28CE59-AD94-4B19-8BA9-8AA3326CFED1}.Release|Any CPU.Build.0 = Release|Any CPU
		{3FB7DAF4-5DDC-437B-81F3-D63360412ABF}.Debug|Any CPU.ActiveCfg = Debug|Any CPU
		{3FB7DAF4-5DDC-437B-81F3-D63360412ABF}.Debug|Any CPU.Build.0 = Debug|Any CPU
		{3FB7DAF4-5DDC-437B-81F3-D63360412ABF}.Release|Any CPU.ActiveCfg = Release|Any CPU
		{3FB7DAF4-5DDC-437B-81F3-D63360412ABF}.Release|Any CPU.Build.0 = Release|Any CPU
	EndGlobalSection
	GlobalSection(SolutionProperties) = preSolution
		HideSolutionNode = FALSE
	EndGlobalSection
	GlobalSection(ExtensibilityGlobals) = postSolution
		SolutionGuid = {F7DA5330-A675-4B3B-9071-A32955BE2FD1}
	EndGlobalSection
EndGlobal
